// !$*UTF8*$!
{
	archiveVersion = 1;
	classes = {
	};
	objectVersion = 46;
	objects = {

/* Begin PBXBuildFile section */
		184BB5DF1C141CFF00723244 /* main.m in Sources */ = {isa = PBXBuildFile; fileRef = 184BB5DE1C141CFF00723244 /* main.m */; };
		184BB5E21C141CFF00723244 /* AppDelegate.m in Sources */ = {isa = PBXBuildFile; fileRef = 184BB5E11C141CFF00723244 /* AppDelegate.m */; };
		184BB5E51C141CFF00723244 /* ViewController.m in Sources */ = {isa = PBXBuildFile; fileRef = 184BB5E41C141CFF00723244 /* ViewController.m */; };
		184BB5E81C141CFF00723244 /* Main.storyboard in Resources */ = {isa = PBXBuildFile; fileRef = 184BB5E61C141CFF00723244 /* Main.storyboard */; };
		184BB5EA1C141CFF00723244 /* Assets.xcassets in Resources */ = {isa = PBXBuildFile; fileRef = 184BB5E91C141CFF00723244 /* Assets.xcassets */; };
		184BB5ED1C141CFF00723244 /* LaunchScreen.storyboard in Resources */ = {isa = PBXBuildFile; fileRef = 184BB5EB1C141CFF00723244 /* LaunchScreen.storyboard */; };
/* End PBXBuildFile section */

/* Begin PBXFileReference section */
		184BB5DA1C141CFF00723244 /* AFxiaoN.app */ = {isa = PBXFileReference; explicitFileType = wrapper.application; includeInIndex = 0; path = AFxiaoN.app; sourceTree = BUILT_PRODUCTS_DIR; };
		184BB5DE1C141CFF00723244 /* main.m */ = {isa = PBXFileReference; lastKnownFileType = sourcecode.c.objc; path = main.m; sourceTree = "<group>"; };
		184BB5E01C141CFF00723244 /* AppDelegate.h */ = {isa = PBXFileReference; lastKnownFileType = sourcecode.c.h; path = AppDelegate.h; sourceTree = "<group>"; };
		184BB5E11C141CFF00723244 /* AppDelegate.m */ = {isa = PBXFileReference; lastKnownFileType = sourcecode.c.objc; path = AppDelegate.m; sourceTree = "<group>"; };
		184BB5E31C141CFF00723244 /* ViewController.h */ = {isa = PBXFileReference; lastKnownFileType = sourcecode.c.h; path = ViewController.h; sourceTree = "<group>"; };
		184BB5E41C141CFF00723244 /* ViewController.m */ = {isa = PBXFileReference; lastKnownFileType = sourcecode.c.objc; path = ViewController.m; sourceTree = "<group>"; };
		184BB5E71C141CFF00723244 /* Base */ = {isa = PBXFileReference; lastKnownFileType = file.storyboard; name = Base; path = Base.lproj/Main.storyboard; sourceTree = "<group>"; };
		184BB5E91C141CFF00723244 /* Assets.xcassets */ = {isa = PBXFileReference; lastKnownFileType = folder.assetcatalog; path = Assets.xcassets; sourceTree = "<group>"; };
		184BB5EC1C141CFF00723244 /* Base */ = {isa = PBXFileReference; lastKnownFileType = file.storyboard; name = Base; path = Base.lproj/LaunchScreen.storyboard; sourceTree = "<group>"; };
		184BB5EE1C141CFF00723244 /* Info.plist */ = {isa = PBXFileReference; lastKnownFileType = text.plist.xml; path = Info.plist; sourceTree = "<group>"; };
/* End PBXFileReference section */

/* Begin PBXFrameworksBuildPhase section */
		184BB5D71C141CFF00723244 /* Frameworks */ = {
			isa = PBXFrameworksBuildPhase;
			buildActionMask = 2147483647;
			files = (
			);
			runOnlyForDeploymentPostprocessing = 0;
		};
/* End PBXFrameworksBuildPhase section */

/* Begin PBXGroup section */
		184BB5D11C141CFF00723244 = {
			isa = PBXGroup;
			children = (
				184BB5DC1C141CFF00723244 /* AFxiaoN */,
				184BB5DB1C141CFF00723244 /* Products */,
			);
			sourceTree = "<group>";
		};
		184BB5DB1C141CFF00723244 /* Products */ = {
			isa = PBXGroup;
			children = (
				184BB5DA1C141CFF00723244 /* AFxiaoN.app */,
			);
			name = Products;
			sourceTree = "<group>";
		};
		184BB5DC1C141CFF00723244 /* AFxiaoN */ = {
			isa = PBXGroup;
			children = (
				184BB5E01C141CFF00723244 /* AppDelegate.h */,
				184BB5E11C141CFF00723244 /* AppDelegate.m */,
				184BB5E31C141CFF00723244 /* ViewController.h */,
				184BB5E41C141CFF00723244 /* ViewController.m */,
				184BB5E61C141CFF00723244 /* Main.storyboard */,
				184BB5E91C141CFF00723244 /* Assets.xcassets */,
				184BB5EB1C141CFF00723244 /* LaunchScreen.storyboard */,
				184BB5EE1C141CFF00723244 /* Info.plist */,
				184BB5DD1C141CFF00723244 /* Supporting Files */,
			);
			path = AFxiaoN;
			sourceTree = "<group>";
		};
		184BB5DD1C141CFF00723244 /* Supporting Files */ = {
			isa = PBXGroup;
			children = (
				184BB5DE1C141CFF00723244 /* main.m */,
			);
			name = "Supporting Files";
			sourceTree = "<group>";
		};
/* End PBXGroup section */

/* Begin PBXNativeTarget section */
		184BB5D91C141CFF00723244 /* AFxiaoN */ = {
			isa = PBXNativeTarget;
			buildConfigurationList = 184BB5F11C141CFF00723244 /* Build configuration list for PBXNativeTarget "AFxiaoN" */;
			buildPhases = (
				184BB5D61C141CFF00723244 /* Sources */,
				184BB5D71C141CFF00723244 /* Frameworks */,
				184BB5D81C141CFF00723244 /* Resources */,
			);
			buildRules = (
			);
			dependencies = (
			);
			name = AFxiaoN;
			productName = AFxiaoN;
			productReference = 184BB5DA1C141CFF00723244 /* AFxiaoN.app */;
			productType = "com.apple.product-type.application";
		};
/* End PBXNativeTarget section */

/* Begin PBXProject section */
		184BB5D21C141CFF00723244 /* Project object */ = {
			isa = PBXProject;
			attributes = {
				LastUpgradeCheck = 0710;
				ORGANIZATIONNAME = 1;
				TargetAttributes = {
					184BB5D91C141CFF00723244 = {
						CreatedOnToolsVersion = 7.1;
					};
				};
			};
			buildConfigurationList = 184BB5D51C141CFF00723244 /* Build configuration list for PBXProject "AFxiaoN" */;
			compatibilityVersion = "Xcode 3.2";
			developmentRegion = English;
			hasScannedForEncodings = 0;
			knownRegions = (
				en,
				Base,
			);
			mainGroup = 184BB5D11C141CFF00723244;
			productRefGroup = 184BB5DB1C141CFF00723244 /* Products */;
			projectDirPath = "";
			projectRoot = "";
			targets = (
				184BB5D91C141CFF00723244 /* AFxiaoN */,
			);
		};
/* End PBXProject section */

/* Begin PBXResourcesBuildPhase section */
		184BB5D81C141CFF00723244 /* Resources */ = {
			isa = PBXResourcesBuildPhase;
			buildActionMask = 2147483647;
			files = (
				184BB5ED1C141CFF00723244 /* LaunchScreen.storyboard in Resources */,
				184BB5EA1C141CFF00723244 /* Assets.xcassets in Resources */,
				184BB5E81C141CFF00723244 /* Main.storyboard in Resources */,
			);
			runOnlyForDeploymentPostprocessing = 0;
		};
/* End PBXResourcesBuildPhase section */

/* Begin PBXSourcesBuildPhase section */
		184BB5D61C141CFF00723244 /* Sources */ = {
			isa = PBXSourcesBuildPhase;
			buildActionMask = 2147483647;
			files = (
				184BB5E51C141CFF00723244 /* ViewController.m in Sources */,
				184BB5E21C141CFF00723244 /* AppDelegate.m in Sources */,
				184BB5DF1C141CFF00723244 /* main.m in Sources */,
			);
			runOnlyForDeploymentPostprocessing = 0;
		};
/* End PBXSourcesBuildPhase section */

/* Begin PBXVariantGroup section */
		184BB5E61C141CFF00723244 /* Main.storyboard */ = {
			isa = PBXVariantGroup;
			children = (
				184BB5E71C141CFF00723244 /* Base */,
			);
			name = Main.storyboard;
			sourceTree = "<group>";
		};
		184BB5EB1C141CFF00723244 /* LaunchScreen.storyboard */ = {
			isa = PBXVariantGroup;
			children = (
				184BB5EC1C141CFF00723244 /* Base */,
			);
			name = LaunchScreen.storyboard;
			sourceTree = "<group>";
		};
/* End PBXVariantGroup section */

/* Begin XCBuildConfiguration section */
		184BB5EF1C141CFF00723244 /* Debug */ = {
			isa = XCBuildConfiguration;
			buildSettings = {
				ALWAYS_SEARCH_USER_PATHS = NO;
				CLANG_CXX_LANGUAGE_STANDARD = "gnu++0x";
				CLANG_CXX_LIBRARY = "libc++";
				CLANG_ENABLE_MODULES = YES;
				CLANG_ENABLE_OBJC_ARC = YES;
				CLANG_WARN_BOOL_CONVERSION = YES;
				CLANG_WARN_CONSTANT_CONVERSION = YES;
				CLANG_WARN_DIRECT_OBJC_ISA_USAGE = YES_ERROR;
				CLANG_WARN_EMPTY_BODY = YES;
				CLANG_WARN_ENUM_CONVERSION = YES;
				CLANG_WARN_INT_CONVERSION = YES;
				CLANG_WARN_OBJC_ROOT_CLASS = YES_ERROR;
				CLANG_WARN_UNREACHABLE_CODE = YES;
				CLANG_WARN__DUPLICATE_METHOD_MATCH = YES;
				"CODE_SIGN_IDENTITY[sdk=iphoneos*]" = "iPhone Developer";
				COPY_PHASE_STRIP = NO;
				DEBUG_INFORMATION_FORMAT = dwarf;
				ENABLE_STRICT_OBJC_MSGSEND = YES;
				ENABLE_TESTABILITY = YES;
				GCC_C_LANGUAGE_STANDARD = gnu99;
				GCC_DYNAMIC_NO_PIC = NO;
				GCC_NO_COMMON_BLOCKS = YES;
				GCC_OPTIMIZATION_LEVEL = 0;
				GCC_PREPROCESSOR_DEFINITIONS = (
					"DEBUG=1",
					"$(inherited)",
				);
				GCC_WARN_64_TO_32_BIT_CONVERSION = YES;
				GCC_WARN_ABOUT_RETURN_TYPE = YES_ERROR;
				GCC_WARN_UNDECLARED_SELECTOR = YES;
				GCC_WARN_UNINITIALIZED_AUTOS = YES_AGGRESSIVE;
				GCC_WARN_UNUSED_FUNCTION = YES;
				GCC_WARN_UNUSED_VARIABLE = YES;
				IPHONEOS_DEPLOYMENT_TARGET = 9.1;
				MTL_ENABLE_DEBUG_INFO = YES;
				ONLY_ACTIVE_ARCH = YES;
				SDKROOT = iphoneos;
			};
			name = Debug;
		};
		184BB5F01C141CFF00723244 /* Release */ = {
			isa = XCBuildConfiguration;
			buildSettings = {
				ALWAYS_SEARCH_USER_PATHS = NO;
				CLANG_CXX_LANGUAGE_STANDARD = "gnu++0x";
				CLANG_CXX_LIBRARY = "libc++";
				CLANG_ENABLE_MODULES = YES;
				CLANG_ENABLE_OBJC_ARC = YES;
				CLANG_WARN_BOOL_CONVERSION = YES;
				CLANG_WARN_CONSTANT_CONVERSION = YES;
				CLANG_WARN_DIRECT_OBJC_ISA_USAGE = YES_ERROR;
				CLANG_WARN_EMPTY_BODY = YES;
				CLANG_WARN_ENUM_CONVERSION = YES;
				CLANG_WARN_INT_CONVERSION = YES;
				CLANG_WARN_OBJC_ROOT_CLASS = YES_ERROR;
				CLANG_WARN_UNREACHABLE_CODE = YES;
				CLANG_WARN__DUPLICATE_METHOD_MATCH = YES;
				"CODE_SIGN_IDENTITY[sdk=iphoneos*]" = "iPhone Developer";
				COPY_PHASE_STRIP = NO;
				DEBUG_INFORMATION_FORMAT = "dwarf-with-dsym";
				ENABLE_NS_ASSERTIONS = NO;
				ENABLE_STRICT_OBJC_MSGSEND = YES;
				GCC_C_LANGUAGE_STANDARD = gnu99;
				GCC_NO_COMMON_BLOCKS = YES;
				GCC_WARN_64_TO_32_BIT_CONVERSION = YES;
				GCC_WARN_ABOUT_RETURN_TYPE = YES_ERROR;
				GCC_WARN_UNDECLARED_SELECTOR = YES;
				GCC_WARN_UNINITIALIZED_AUTOS = YES_AGGRESSIVE;
				GCC_WARN_UNUSED_FUNCTION = YES;
				GCC_WARN_UNUSED_VARIABLE = YES;
				IPHONEOS_DEPLOYMENT_TARGET = 9.1;
				MTL_ENABLE_DEBUG_INFO = NO;
				SDKROOT = iphoneos;
				VALIDATE_PRODUCT = YES;
			};
			name = Release;
		};
		184BB5F21C141CFF00723244 /* Debug */ = {
			isa = XCBuildConfiguration;
			buildSettings = {
				ASSETCATALOG_COMPILER_APPICON_NAME = AppIcon;
				INFOPLIST_FILE = AFxiaoN/Info.plist;
				LD_RUNPATH_SEARCH_PATHS = "$(inherited) @executable_path/Frameworks";
				PRODUCT_BUNDLE_IDENTIFIER = cn.itcast.AFxiaoN;
				PRODUCT_NAME = "$(TARGET_NAME)";
			};
			name = Debug;
		};
		184BB5F31C141CFF00723244 /* Release */ = {
			isa = XCBuildConfiguration;
			buildSettings = {
				ASSETCATALOG_COMPILER_APPICON_NAME = AppIcon;
				INFOPLIST_FILE = AFxiaoN/Info.plist;
				LD_RUNPATH_SEARCH_PATHS = "$(inherited) @executable_path/Frameworks";
				PRODUCT_BUNDLE_IDENTIFIER = cn.itcast.AFxiaoN;
				PRODUCT_NAME = "$(TARGET_NAME)";
			};
			name = Release;
		};
/* End XCBuildConfiguration section */

/* Begin XCConfigurationList section */
		184BB5D51C141CFF00723244 /* Build configuration list for PBXProject "AFxiaoN" */ = {
			isa = XCConfigurationList;
			buildConfigurations = (
				184BB5EF1C141CFF00723244 /* Debug */,
				184BB5F01C141CFF00723244 /* Release */,
			);
			defaultConfigurationIsVisible = 0;
			defaultConfigurationName = Release;
		};
		184BB5F11C141CFF00723244 /* Build configuration list for PBXNativeTarget "AFxiaoN" */ = {
			isa = XCConfigurationList;
			buildConfigurations = (
				184BB5F21C141CFF00723244 /* Debug */,
				184BB5F31C141CFF00723244 /* Release */,
			);
			defaultConfigurationIsVisible = 0;
		};
/* End XCConfigurationList section */
	};
	rootObject = 184BB5D21C141CFF00723244 /* Project object */;
}
